
Microsoft Visual Studio Solution File, Format Version 12.00
# Visual Studio 15
VisualStudioVersion = 15.0.28010.2019
MinimumVisualStudioVersion = 10.0.40219.1
Project("{FAE04EC0-301F-11D3-BF4B-00C04F79EFBC}") = "VEFVerkefni", "VEFVerkefni\VEFVerkefni.csproj", "{FF06428D-A370-4022-8A2F-E3FBB17ED807}"
EndProject
Global
	GlobalSection(SolutionConfigurationPlatforms) = preSolution
		Debug|Any CPU = Debug|Any CPU
		Release|Any CPU = Release|Any CPU
	EndGlobalSection
	GlobalSection(ProjectConfigurationPlatforms) = postSolution
		{FF06428D-A370-4022-8A2F-E3FBB17ED807}.Debug|Any CPU.ActiveCfg = Debug|Any CPU
		{FF06428D-A370-4022-8A2F-E3FBB17ED807}.Debug|Any CPU.Build.0 = Debug|Any CPU
		{FF06428D-A370-4022-8A2F-E3FBB17ED807}.Release|Any CPU.ActiveCfg = Release|Any CPU
		{FF06428D-A370-4022-8A2F-E3FBB17ED807}.Release|Any CPU.Build.0 = Release|Any CPU
	EndGlobalSection
	GlobalSection(SolutionProperties) = preSolution
		HideSolutionNode = FALSE
	EndGlobalSection
	GlobalSection(ExtensibilityGlobals) = postSolution
		SolutionGuid = {5C10DEE7-9F46-47AA-96F1-FA203CAE36BB}
	EndGlobalSection
EndGlobal
